{
  "originHash" : "7474f088a880734481129dc7e8a170da6cdb39badbeb0465d50d59eda4cd3dbd",
  "pins" : [
    {
      "identity" : "fileprovider",
      "kind" : "remoteSourceControl",
      "location" : "https://github.com/amosavian/FileProvider",
      "state" : {
        "revision" : "5d31778376af168ac917e0b1e8d2c4ee64cb246c",
        "version" : "0.26.0"
      }
    }
  ],
  "version" : 3
}
